
Microsoft Visual Studio Solution File, Format Version 12.00
# Visual Studio Version 17
VisualStudioVersion = 17.10.34928.147
MinimumVisualStudioVersion = 10.0.40219.1
Project("{FAE04EC0-301F-11D3-BF4B-00C04F79EFBC}") = "Fiap.Vendas", "Fiap.Vendas\Fiap.Vendas.csproj", "{79431838-4637-48EC-A944-F2A37CEB8C0D}"
EndProject
Global
	GlobalSection(SolutionConfigurationPlatforms) = preSolution
		Debug|Any CPU = Debug|Any CPU
		Release|Any CPU = Release|Any CPU
	EndGlobalSection
	GlobalSection(ProjectConfigurationPlatforms) = postSolution
		{79431838-4637-48EC-A944-F2A37CEB8C0D}.Debug|Any CPU.ActiveCfg = Debug|Any CPU
		{79431838-4637-48EC-A944-F2A37CEB8C0D}.Debug|Any CPU.Build.0 = Debug|Any CPU
		{79431838-4637-48EC-A944-F2A37CEB8C0D}.Release|Any CPU.ActiveCfg = Release|Any CPU
		{79431838-4637-48EC-A944-F2A37CEB8C0D}.Release|Any CPU.Build.0 = Release|Any CPU
	EndGlobalSection
	GlobalSection(SolutionProperties) = preSolution
		HideSolutionNode = FALSE
	EndGlobalSection
	GlobalSection(ExtensibilityGlobals) = postSolution
		SolutionGuid = {240F62AB-7842-4E8E-A643-9468E449C581}
	EndGlobalSection
EndGlobal
